
Microsoft Visual Studio Solution File, Format Version 12.00
# Visual Studio Version 16
VisualStudioVersion = 16.0.33927.289
MinimumVisualStudioVersion = 10.0.40219.1
Project("{2150E333-8FDC-42A3-9474-1A3956D46DE8}") = "Task0", "Task0", "{B179BC07-17F2-4443-870B-E8931DD73B0E}"
EndProject
Project("{FAE04EC0-301F-11D3-BF4B-00C04F79EFBC}") = "Tyuiu.ShishkovIA.sprint1.task0.V0", "Tyuiu.ShishkovIA.sprint1.task0.V0\Tyuiu.ShishkovIA.sprint1.task0.V0.csproj", "{F1EF12AE-522E-48C1-A49C-12CC76AD6369}"
EndProject
Project("{FAE04EC0-301F-11D3-BF4B-00C04F79EFBC}") = "Tyuiu.ShishkovIA.sprint1.task0.V0.lib", "Tyuiu.ShishkovIA.sprint1.task0.V0.lib\Tyuiu.ShishkovIA.sprint1.task0.V0.lib.csproj", "{B79B6038-3773-49DC-88DA-E0E40A40FE68}"
EndProject
Project("{FAE04EC0-301F-11D3-BF4B-00C04F79EFBC}") = "Tyuiu.ShishkovIA.sprint1.task0.V0.Test", "Tyuiu.ShishkovIA.sprint1.task0.V0.Test\Tyuiu.ShishkovIA.sprint1.task0.V0.Test.csproj", "{8A192369-72A6-446A-8948-BF188A9B4B87}"
EndProject
Project("{2150E333-8FDC-42A3-9474-1A3956D46DE8}") = "Task1", "Task1", "{16B06277-2A2A-4BB3-B881-63495C6E600B}"
EndProject
Project("{2150E333-8FDC-42A3-9474-1A3956D46DE8}") = "Task2", "Task2", "{1A737158-019E-4B01-839D-6D01EA8168D7}"
EndProject
Project("{2150E333-8FDC-42A3-9474-1A3956D46DE8}") = "Task3", "Task3", "{C1476164-DEA5-4146-9BFC-A763851C8EDB}"
EndProject
Project("{2150E333-8FDC-42A3-9474-1A3956D46DE8}") = "Task4", "Task4", "{211C3708-6B4F-403E-BB2E-CA7FEF62EA48}"
EndProject
Project("{2150E333-8FDC-42A3-9474-1A3956D46DE8}") = "Task5", "Task5", "{0B93D937-D9B7-4C92-A413-479B7408143B}"
EndProject
Project("{2150E333-8FDC-42A3-9474-1A3956D46DE8}") = "Task6", "Task6", "{5AB63304-6A2B-49A4-8D81-13C9872D2871}"
EndProject
Project("{2150E333-8FDC-42A3-9474-1A3956D46DE8}") = "Task7", "Task7", "{32119E1D-3EA8-4BB1-A1FF-061467B0F911}"
EndProject
Project("{FAE04EC0-301F-11D3-BF4B-00C04F79EFBC}") = "Tyuiu.ShishkovIA.sprint1.task1.V0", "Tyuiu.ShishkovIA.sprint1.task1.V0\Tyuiu.ShishkovIA.sprint1.task1.V0.csproj", "{C0645C82-11B3-4DA3-AFD8-5A79310B33D8}"
EndProject
Project("{FAE04EC0-301F-11D3-BF4B-00C04F79EFBC}") = "Tyuiu.ShishkovIA.sprint1.task2.V26", "Tyuiu.ShishkovIA.sprint1.task2.V0\Tyuiu.ShishkovIA.sprint1.task2.V26.csproj", "{AA3FEE09-5FEE-4829-91F0-62380E9FF24B}"
EndProject
Project("{FAE04EC0-301F-11D3-BF4B-00C04F79EFBC}") = "Tyuiu.ShishkovIA.sprint1.task3.V0", "Tyuiu.ShishkovIA.sprint1.task3.V0\Tyuiu.ShishkovIA.sprint1.task3.V0.csproj", "{BC524E86-6A62-4831-B9F8-1D64B299E852}"
EndProject
Project("{FAE04EC0-301F-11D3-BF4B-00C04F79EFBC}") = "Tyuiu.ShishkovIA.sprint1.task4.V0", "Tyuiu.ShishkovIA.sprint1.task4.V0\Tyuiu.ShishkovIA.sprint1.task4.V0.csproj", "{C0523A4E-0203-45A4-B51B-DCDDCB3C6E0D}"
EndProject
Project("{FAE04EC0-301F-11D3-BF4B-00C04F79EFBC}") = "Tyuiu.ShishkovIA.sprint1.task5.V0", "Tyuiu.ShishkovIA.sprint1.task5.V0\Tyuiu.ShishkovIA.sprint1.task5.V0.csproj", "{6753A5FA-37E6-4AAF-9A8A-A3462265EEAA}"
EndProject
Project("{FAE04EC0-301F-11D3-BF4B-00C04F79EFBC}") = "Tyuiu.ShishkovIA.sprint1.task6.V0", "Tyuiu.ShishkovIA.sprint1.task6.V0\Tyuiu.ShishkovIA.sprint1.task6.V0.csproj", "{271622CC-80F5-4570-896A-939C35AA34B5}"
EndProject
Project("{FAE04EC0-301F-11D3-BF4B-00C04F79EFBC}") = "Tyuiu.ShishkovIA.sprint1.task7.V0", "Tyuiu.ShishkovIA.sprint1.task7.V0\Tyuiu.ShishkovIA.sprint1.task7.V0.csproj", "{77AE535E-1227-4EBB-8345-D0416A1B75BB}"
EndProject
Project("{FAE04EC0-301F-11D3-BF4B-00C04F79EFBC}") = "Tyuiu.ShishkovIA.sprint1.task1.V0.lib", "Tyuiu.ShishkovIA.sprint1.task1.V0.lib\Tyuiu.ShishkovIA.sprint1.task1.V0.lib.csproj", "{946CCD40-9CD3-46E1-A9B7-7C98F95C254D}"
EndProject
Project("{FAE04EC0-301F-11D3-BF4B-00C04F79EFBC}") = "Tyuiu.ShishkovIA.sprint1.task2.V26.lib", "Tyuiu.ShishkovIA.sprint1.task2.V0.lib\Tyuiu.ShishkovIA.sprint1.task2.V26.lib.csproj", "{795E6BCF-E437-45B7-BF1F-522C24CD68F9}"
EndProject
Project("{FAE04EC0-301F-11D3-BF4B-00C04F79EFBC}") = "Tyuiu.ShishkovIA.sprint1.task3.V0.lib", "Tyuiu.ShishkovIA.sprint1.task3.V0.lib\Tyuiu.ShishkovIA.sprint1.task3.V0.lib.csproj", "{84DA6735-F4EF-46FF-AB4A-30DF9AFE64EE}"
EndProject
Project("{FAE04EC0-301F-11D3-BF4B-00C04F79EFBC}") = "Tyuiu.ShishkovIA.sprint1.task4.V0.lib", "Tyuiu.ShishkovIA.sprint1.task4.V0.lib\Tyuiu.ShishkovIA.sprint1.task4.V0.lib.csproj", "{3D362010-39DA-44B7-B0EF-447C31158A08}"
EndProject
Project("{FAE04EC0-301F-11D3-BF4B-00C04F79EFBC}") = "Tyuiu.ShishkovIA.sprint1.task5.V0.lib", "Tyuiu.ShishkovIA.sprint1.task5.V0.lib\Tyuiu.ShishkovIA.sprint1.task5.V0.lib.csproj", "{844F59CC-F1F4-4AF4-9436-6929FD2FAA8A}"
EndProject
Project("{FAE04EC0-301F-11D3-BF4B-00C04F79EFBC}") = "Tyuiu.ShishkovIA.sprint1.task6.V0.lib", "Tyuiu.ShishkovIA.sprint1.task6.V0.lib\Tyuiu.ShishkovIA.sprint1.task6.V0.lib.csproj", "{D3D09021-665D-4417-8169-9F02A73E4632}"
EndProject
Project("{FAE04EC0-301F-11D3-BF4B-00C04F79EFBC}") = "Tyuiu.ShishkovIA.sprint1.task7.V0.lib", "Tyuiu.ShishkovIA.sprint1.task7.V0.lib\Tyuiu.ShishkovIA.sprint1.task7.V0.lib.csproj", "{95D02DEE-ACB3-4F1D-ACC0-54F5A0180BB6}"
EndProject
Project("{FAE04EC0-301F-11D3-BF4B-00C04F79EFBC}") = "Tyuiu.ShishkovIA.sprint1.task1.V0.Test", "Tyuiu.ShishkovIA.sprint1.task1.V0.Test\Tyuiu.ShishkovIA.sprint1.task1.V0.Test.csproj", "{A561F274-0FA6-4424-899C-F2891C5C8A31}"
EndProject
Project("{FAE04EC0-301F-11D3-BF4B-00C04F79EFBC}") = "Tyuiu.ShishkovIA.sprint1.task2.V26.Test", "Tyuiu.ShishkovIA.sprint1.task2.V0.Test\Tyuiu.ShishkovIA.sprint1.task2.V26.Test.csproj", "{568277D7-3B73-4DD7-9253-2CD8184B5DA2}"
EndProject
Project("{FAE04EC0-301F-11D3-BF4B-00C04F79EFBC}") = "Tyuiu.ShishkovIA.sprint1.task3.V0.Test", "Tyuiu.ShishkovIA.sprint1.task3.V0.Test\Tyuiu.ShishkovIA.sprint1.task3.V0.Test.csproj", "{9B002DA1-AC77-4C56-A528-E7E11BCB684A}"
EndProject
Project("{FAE04EC0-301F-11D3-BF4B-00C04F79EFBC}") = "Tyuiu.ShishkovIA.sprint1.task4.V0.Test", "Tyuiu.ShishkovIA.sprint1.task4.V0.Test\Tyuiu.ShishkovIA.sprint1.task4.V0.Test.csproj", "{30F88D8B-ED06-45F3-B4AC-FA3F83CB8E7D}"
EndProject
Project("{FAE04EC0-301F-11D3-BF4B-00C04F79EFBC}") = "Tyuiu.ShishkovIA.sprint1.task5.V0.Test", "Tyuiu.ShishkovIA.sprint1.task5.V0.Test\Tyuiu.ShishkovIA.sprint1.task5.V0.Test.csproj", "{9E76B23F-CAF5-4C2D-86DD-AB24F0F76EE9}"
EndProject
Project("{FAE04EC0-301F-11D3-BF4B-00C04F79EFBC}") = "Tyuiu.ShishkovIA.sprint1.task6.V0.Test", "Tyuiu.ShishkovIA.sprint1.task6.V0.Test\Tyuiu.ShishkovIA.sprint1.task6.V0.Test.csproj", "{9240E5F1-C001-483A-ABAC-727A4AB85A52}"
EndProject
Project("{FAE04EC0-301F-11D3-BF4B-00C04F79EFBC}") = "Tyuiu.ShishkovIA.sprint1.task7.V0.Test", "Tyuiu.ShishkovIA.sprint1.task7.V0.Test\Tyuiu.ShishkovIA.sprint1.task7.V0.Test.csproj", "{56C0A590-E17A-4367-B9D3-A7AC7C730C91}"
EndProject
Global
	GlobalSection(SolutionConfigurationPlatforms) = preSolution
		Debug|Any CPU = Debug|Any CPU
		Release|Any CPU = Release|Any CPU
	EndGlobalSection
	GlobalSection(ProjectConfigurationPlatforms) = postSolution
		{F1EF12AE-522E-48C1-A49C-12CC76AD6369}.Debug|Any CPU.ActiveCfg = Debug|Any CPU
		{F1EF12AE-522E-48C1-A49C-12CC76AD6369}.Debug|Any CPU.Build.0 = Debug|Any CPU
		{F1EF12AE-522E-48C1-A49C-12CC76AD6369}.Release|Any CPU.ActiveCfg = Release|Any CPU
		{F1EF12AE-522E-48C1-A49C-12CC76AD6369}.Release|Any CPU.Build.0 = Release|Any CPU
		{B79B6038-3773-49DC-88DA-E0E40A40FE68}.Debug|Any CPU.ActiveCfg = Debug|Any CPU
		{B79B6038-3773-49DC-88DA-E0E40A40FE68}.Debug|Any CPU.Build.0 = Debug|Any CPU
		{B79B6038-3773-49DC-88DA-E0E40A40FE68}.Release|Any CPU.ActiveCfg = Release|Any CPU
		{B79B6038-3773-49DC-88DA-E0E40A40FE68}.Release|Any CPU.Build.0 = Release|Any CPU
		{8A192369-72A6-446A-8948-BF188A9B4B87}.Debug|Any CPU.ActiveCfg = Debug|Any CPU
		{8A192369-72A6-446A-8948-BF188A9B4B87}.Debug|Any CPU.Build.0 = Debug|Any CPU
		{8A192369-72A6-446A-8948-BF188A9B4B87}.Release|Any CPU.ActiveCfg = Release|Any CPU
		{8A192369-72A6-446A-8948-BF188A9B4B87}.Release|Any CPU.Build.0 = Release|Any CPU
		{C0645C82-11B3-4DA3-AFD8-5A79310B33D8}.Debug|Any CPU.ActiveCfg = Debug|Any CPU
		{C0645C82-11B3-4DA3-AFD8-5A79310B33D8}.Debug|Any CPU.Build.0 = Debug|Any CPU
		{C0645C82-11B3-4DA3-AFD8-5A79310B33D8}.Release|Any CPU.ActiveCfg = Release|Any CPU
		{C0645C82-11B3-4DA3-AFD8-5A79310B33D8}.Release|Any CPU.Build.0 = Release|Any CPU
		{AA3FEE09-5FEE-4829-91F0-62380E9FF24B}.Debug|Any CPU.ActiveCfg = Debug|Any CPU
		{AA3FEE09-5FEE-4829-91F0-62380E9FF24B}.Debug|Any CPU.Build.0 = Debug|Any CPU
		{AA3FEE09-5FEE-4829-91F0-62380E9FF24B}.Release|Any CPU.ActiveCfg = Release|Any CPU
		{AA3FEE09-5FEE-4829-91F0-62380E9FF24B}.Release|Any CPU.Build.0 = Release|Any CPU
		{BC524E86-6A62-4831-B9F8-1D64B299E852}.Debug|Any CPU.ActiveCfg = Debug|Any CPU
		{BC524E86-6A62-4831-B9F8-1D64B299E852}.Debug|Any CPU.Build.0 = Debug|Any CPU
		{BC524E86-6A62-4831-B9F8-1D64B299E852}.Release|Any CPU.ActiveCfg = Release|Any CPU
		{BC524E86-6A62-4831-B9F8-1D64B299E852}.Release|Any CPU.Build.0 = Release|Any CPU
		{C0523A4E-0203-45A4-B51B-DCDDCB3C6E0D}.Debug|Any CPU.ActiveCfg = Debug|Any CPU
		{C0523A4E-0203-45A4-B51B-DCDDCB3C6E0D}.Debug|Any CPU.Build.0 = Debug|Any CPU
		{C0523A4E-0203-45A4-B51B-DCDDCB3C6E0D}.Release|Any CPU.ActiveCfg = Release|Any CPU
		{C0523A4E-0203-45A4-B51B-DCDDCB3C6E0D}.Release|Any CPU.Build.0 = Release|Any CPU
		{6753A5FA-37E6-4AAF-9A8A-A3462265EEAA}.Debug|Any CPU.ActiveCfg = Debug|Any CPU
		{6753A5FA-37E6-4AAF-9A8A-A3462265EEAA}.Debug|Any CPU.Build.0 = Debug|Any CPU
		{6753A5FA-37E6-4AAF-9A8A-A3462265EEAA}.Release|Any CPU.ActiveCfg = Release|Any CPU
		{6753A5FA-37E6-4AAF-9A8A-A3462265EEAA}.Release|Any CPU.Build.0 = Release|Any CPU
		{271622CC-80F5-4570-896A-939C35AA34B5}.Debug|Any CPU.ActiveCfg = Debug|Any CPU
		{271622CC-80F5-4570-896A-939C35AA34B5}.Debug|Any CPU.Build.0 = Debug|Any CPU
		{271622CC-80F5-4570-896A-939C35AA34B5}.Release|Any CPU.ActiveCfg = Release|Any CPU
		{271622CC-80F5-4570-896A-939C35AA34B5}.Release|Any CPU.Build.0 = Release|Any CPU
		{77AE535E-1227-4EBB-8345-D0416A1B75BB}.Debug|Any CPU.ActiveCfg = Debug|Any CPU
		{77AE535E-1227-4EBB-8345-D0416A1B75BB}.Debug|Any CPU.Build.0 = Debug|Any CPU
		{77AE535E-1227-4EBB-8345-D0416A1B75BB}.Release|Any CPU.ActiveCfg = Release|Any CPU
		{77AE535E-1227-4EBB-8345-D0416A1B75BB}.Release|Any CPU.Build.0 = Release|Any CPU
		{946CCD40-9CD3-46E1-A9B7-7C98F95C254D}.Debug|Any CPU.ActiveCfg = Debug|Any CPU
		{946CCD40-9CD3-46E1-A9B7-7C98F95C254D}.Debug|Any CPU.Build.0 = Debug|Any CPU
		{946CCD40-9CD3-46E1-A9B7-7C98F95C254D}.Release|Any CPU.ActiveCfg = Release|Any CPU
		{946CCD40-9CD3-46E1-A9B7-7C98F95C254D}.Release|Any CPU.Build.0 = Release|Any CPU
		{795E6BCF-E437-45B7-BF1F-522C24CD68F9}.Debug|Any CPU.ActiveCfg = Debug|Any CPU
		{795E6BCF-E437-45B7-BF1F-522C24CD68F9}.Debug|Any CPU.Build.0 = Debug|Any CPU
		{795E6BCF-E437-45B7-BF1F-522C24CD68F9}.Release|Any CPU.ActiveCfg = Release|Any CPU
		{795E6BCF-E437-45B7-BF1F-522C24CD68F9}.Release|Any CPU.Build.0 = Release|Any CPU
		{84DA6735-F4EF-46FF-AB4A-30DF9AFE64EE}.Debug|Any CPU.ActiveCfg = Debug|Any CPU
		{84DA6735-F4EF-46FF-AB4A-30DF9AFE64EE}.Debug|Any CPU.Build.0 = Debug|Any CPU
		{84DA6735-F4EF-46FF-AB4A-30DF9AFE64EE}.Release|Any CPU.ActiveCfg = Release|Any CPU
		{84DA6735-F4EF-46FF-AB4A-30DF9AFE64EE}.Release|Any CPU.Build.0 = Release|Any CPU
		{3D362010-39DA-44B7-B0EF-447C31158A08}.Debug|Any CPU.ActiveCfg = Debug|Any CPU
		{3D362010-39DA-44B7-B0EF-447C31158A08}.Debug|Any CPU.Build.0 = Debug|Any CPU
		{3D362010-39DA-44B7-B0EF-447C31158A08}.Release|Any CPU.ActiveCfg = Release|Any CPU
		{3D362010-39DA-44B7-B0EF-447C31158A08}.Release|Any CPU.Build.0 = Release|Any CPU
		{844F59CC-F1F4-4AF4-9436-6929FD2FAA8A}.Debug|Any CPU.ActiveCfg = Debug|Any CPU
		{844F59CC-F1F4-4AF4-9436-6929FD2FAA8A}.Debug|Any CPU.Build.0 = Debug|Any CPU
		{844F59CC-F1F4-4AF4-9436-6929FD2FAA8A}.Release|Any CPU.ActiveCfg = Release|Any CPU
		{844F59CC-F1F4-4AF4-9436-6929FD2FAA8A}.Release|Any CPU.Build.0 = Release|Any CPU
		{D3D09021-665D-4417-8169-9F02A73E4632}.Debug|Any CPU.ActiveCfg = Debug|Any CPU
		{D3D09021-665D-4417-8169-9F02A73E4632}.Debug|Any CPU.Build.0 = Debug|Any CPU
		{D3D09021-665D-4417-8169-9F02A73E4632}.Release|Any CPU.ActiveCfg = Release|Any CPU
		{D3D09021-665D-4417-8169-9F02A73E4632}.Release|Any CPU.Build.0 = Release|Any CPU
		{95D02DEE-ACB3-4F1D-ACC0-54F5A0180BB6}.Debug|Any CPU.ActiveCfg = Debug|Any CPU
		{95D02DEE-ACB3-4F1D-ACC0-54F5A0180BB6}.Debug|Any CPU.Build.0 = Debug|Any CPU
		{95D02DEE-ACB3-4F1D-ACC0-54F5A0180BB6}.Release|Any CPU.ActiveCfg = Release|Any CPU
		{95D02DEE-ACB3-4F1D-ACC0-54F5A0180BB6}.Release|Any CPU.Build.0 = Release|Any CPU
		{A561F274-0FA6-4424-899C-F2891C5C8A31}.Debug|Any CPU.ActiveCfg = Debug|Any CPU
		{A561F274-0FA6-4424-899C-F2891C5C8A31}.Debug|Any CPU.Build.0 = Debug|Any CPU
		{A561F274-0FA6-4424-899C-F2891C5C8A31}.Release|Any CPU.ActiveCfg = Release|Any CPU
		{A561F274-0FA6-4424-899C-F2891C5C8A31}.Release|Any CPU.Build.0 = Release|Any CPU
		{568277D7-3B73-4DD7-9253-2CD8184B5DA2}.Debug|Any CPU.ActiveCfg = Debug|Any CPU
		{568277D7-3B73-4DD7-9253-2CD8184B5DA2}.Debug|Any CPU.Build.0 = Debug|Any CPU
		{568277D7-3B73-4DD7-9253-2CD8184B5DA2}.Release|Any CPU.ActiveCfg = Release|Any CPU
		{568277D7-3B73-4DD7-9253-2CD8184B5DA2}.Release|Any CPU.Build.0 = Release|Any CPU
		{9B002DA1-AC77-4C56-A528-E7E11BCB684A}.Debug|Any CPU.ActiveCfg = Debug|Any CPU
		{9B002DA1-AC77-4C56-A528-E7E11BCB684A}.Debug|Any CPU.Build.0 = Debug|Any CPU
		{9B002DA1-AC77-4C56-A528-E7E11BCB684A}.Release|Any CPU.ActiveCfg = Release|Any CPU
		{9B002DA1-AC77-4C56-A528-E7E11BCB684A}.Release|Any CPU.Build.0 = Release|Any CPU
		{30F88D8B-ED06-45F3-B4AC-FA3F83CB8E7D}.Debug|Any CPU.ActiveCfg = Debug|Any CPU
		{30F88D8B-ED06-45F3-B4AC-FA3F83CB8E7D}.Debug|Any CPU.Build.0 = Debug|Any CPU
		{30F88D8B-ED06-45F3-B4AC-FA3F83CB8E7D}.Release|Any CPU.ActiveCfg = Release|Any CPU
		{30F88D8B-ED06-45F3-B4AC-FA3F83CB8E7D}.Release|Any CPU.Build.0 = Release|Any CPU
		{9E76B23F-CAF5-4C2D-86DD-AB24F0F76EE9}.Debug|Any CPU.ActiveCfg = Debug|Any CPU
		{9E76B23F-CAF5-4C2D-86DD-AB24F0F76EE9}.Debug|Any CPU.Build.0 = Debug|Any CPU
		{9E76B23F-CAF5-4C2D-86DD-AB24F0F76EE9}.Release|Any CPU.ActiveCfg = Release|Any CPU
		{9E76B23F-CAF5-4C2D-86DD-AB24F0F76EE9}.Release|Any CPU.Build.0 = Release|Any CPU
		{9240E5F1-C001-483A-ABAC-727A4AB85A52}.Debug|Any CPU.ActiveCfg = Debug|Any CPU
		{9240E5F1-C001-483A-ABAC-727A4AB85A52}.Debug|Any CPU.Build.0 = Debug|Any CPU
		{9240E5F1-C001-483A-ABAC-727A4AB85A52}.Release|Any CPU.ActiveCfg = Release|Any CPU
		{9240E5F1-C001-483A-ABAC-727A4AB85A52}.Release|Any CPU.Build.0 = Release|Any CPU
		{56C0A590-E17A-4367-B9D3-A7AC7C730C91}.Debug|Any CPU.ActiveCfg = Debug|Any CPU
		{56C0A590-E17A-4367-B9D3-A7AC7C730C91}.Debug|Any CPU.Build.0 = Debug|Any CPU
		{56C0A590-E17A-4367-B9D3-A7AC7C730C91}.Release|Any CPU.ActiveCfg = Release|Any CPU
		{56C0A590-E17A-4367-B9D3-A7AC7C730C91}.Release|Any CPU.Build.0 = Release|Any CPU
	EndGlobalSection
	GlobalSection(SolutionProperties) = preSolution
		HideSolutionNode = FALSE
	EndGlobalSection
	GlobalSection(NestedProjects) = preSolution
		{F1EF12AE-522E-48C1-A49C-12CC76AD6369} = {B179BC07-17F2-4443-870B-E8931DD73B0E}
		{B79B6038-3773-49DC-88DA-E0E40A40FE68} = {B179BC07-17F2-4443-870B-E8931DD73B0E}
		{8A192369-72A6-446A-8948-BF188A9B4B87} = {B179BC07-17F2-4443-870B-E8931DD73B0E}
		{C0645C82-11B3-4DA3-AFD8-5A79310B33D8} = {16B06277-2A2A-4BB3-B881-63495C6E600B}
		{AA3FEE09-5FEE-4829-91F0-62380E9FF24B} = {1A737158-019E-4B01-839D-6D01EA8168D7}
		{BC524E86-6A62-4831-B9F8-1D64B299E852} = {C1476164-DEA5-4146-9BFC-A763851C8EDB}
		{C0523A4E-0203-45A4-B51B-DCDDCB3C6E0D} = {211C3708-6B4F-403E-BB2E-CA7FEF62EA48}
		{6753A5FA-37E6-4AAF-9A8A-A3462265EEAA} = {0B93D937-D9B7-4C92-A413-479B7408143B}
		{271622CC-80F5-4570-896A-939C35AA34B5} = {5AB63304-6A2B-49A4-8D81-13C9872D2871}
		{77AE535E-1227-4EBB-8345-D0416A1B75BB} = {32119E1D-3EA8-4BB1-A1FF-061467B0F911}
		{946CCD40-9CD3-46E1-A9B7-7C98F95C254D} = {16B06277-2A2A-4BB3-B881-63495C6E600B}
		{795E6BCF-E437-45B7-BF1F-522C24CD68F9} = {1A737158-019E-4B01-839D-6D01EA8168D7}
		{84DA6735-F4EF-46FF-AB4A-30DF9AFE64EE} = {C1476164-DEA5-4146-9BFC-A763851C8EDB}
		{3D362010-39DA-44B7-B0EF-447C31158A08} = {211C3708-6B4F-403E-BB2E-CA7FEF62EA48}
		{844F59CC-F1F4-4AF4-9436-6929FD2FAA8A} = {0B93D937-D9B7-4C92-A413-479B7408143B}
		{D3D09021-665D-4417-8169-9F02A73E4632} = {5AB63304-6A2B-49A4-8D81-13C9872D2871}
		{95D02DEE-ACB3-4F1D-ACC0-54F5A0180BB6} = {32119E1D-3EA8-4BB1-A1FF-061467B0F911}
		{A561F274-0FA6-4424-899C-F2891C5C8A31} = {16B06277-2A2A-4BB3-B881-63495C6E600B}
		{568277D7-3B73-4DD7-9253-2CD8184B5DA2} = {1A737158-019E-4B01-839D-6D01EA8168D7}
		{9B002DA1-AC77-4C56-A528-E7E11BCB684A} = {C1476164-DEA5-4146-9BFC-A763851C8EDB}
		{30F88D8B-ED06-45F3-B4AC-FA3F83CB8E7D} = {211C3708-6B4F-403E-BB2E-CA7FEF62EA48}
		{9E76B23F-CAF5-4C2D-86DD-AB24F0F76EE9} = {0B93D937-D9B7-4C92-A413-479B7408143B}
		{9240E5F1-C001-483A-ABAC-727A4AB85A52} = {5AB63304-6A2B-49A4-8D81-13C9872D2871}
		{56C0A590-E17A-4367-B9D3-A7AC7C730C91} = {32119E1D-3EA8-4BB1-A1FF-061467B0F911}
	EndGlobalSection
	GlobalSection(ExtensibilityGlobals) = postSolution
		SolutionGuid = {2AB9CE16-FC1D-492A-AD80-9FEF30AFE192}
	EndGlobalSection
EndGlobal
